// !$*UTF8*$!
{
	archiveVersion = 1;
	classes = {
	};
	objectVersion = 46;
	objects = {

/* Begin PBXBuildFile section */
		C110ED1F1CC9CD3A0096838F /* NJLIGameEngine_iOS.framework in Frameworks */ = {isa = PBXBuildFile; fileRef = C110ED1E1CC9CD3A0096838F /* NJLIGameEngine_iOS.framework */; };
		C13E389F1C6DAEC000BFF147 /* main.cpp in Sources */ = {isa = PBXBuildFile; fileRef = C13E389E1C6DAEC000BFF147 /* main.cpp */; };
		C16A29DF1C683E7C00D94D4B /* main.m in Sources */ = {isa = PBXBuildFile; fileRef = C16A29DE1C683E7C00D94D4B /* main.m */; };
		C16A29E21C683E7C00D94D4B /* AppDelegate.mm in Sources */ = {isa = PBXBuildFile; fileRef = C16A29E11C683E7C00D94D4B /* AppDelegate.mm */; };
		C16A29E91C683E7C00D94D4B /* GameViewController.mm in Sources */ = {isa = PBXBuildFile; fileRef = C16A29E81C683E7C00D94D4B /* GameViewController.mm */; };
		C16A29EC1C683E7C00D94D4B /* Main.storyboard in Resources */ = {isa = PBXBuildFile; fileRef = C16A29EA1C683E7C00D94D4B /* Main.storyboard */; };
		C16A29F11C683E7C00D94D4B /* LaunchScreen.storyboard in Resources */ = {isa = PBXBuildFile; fileRef = C16A29EF1C683E7C00D94D4B /* LaunchScreen.storyboard */; };
		C16A29FC1C683E7C00D94D4B /* IOSTests.m in Sources */ = {isa = PBXBuildFile; fileRef = C16A29FB1C683E7C00D94D4B /* IOSTests.m */; };
		C16A2A071C683E7C00D94D4B /* IOSUITests.m in Sources */ = {isa = PBXBuildFile; fileRef = C16A2A061C683E7C00D94D4B /* IOSUITests.m */; };
		C16A2A191C683F8100D94D4B /* AVFoundation.framework in Frameworks */ = {isa = PBXBuildFile; fileRef = C16A2A181C683F8000D94D4B /* AVFoundation.framework */; };
		C16A2A1B1C683F8800D94D4B /* AudioToolbox.framework in Frameworks */ = {isa = PBXBuildFile; fileRef = C16A2A1A1C683F8800D94D4B /* AudioToolbox.framework */; };
		C16A2A1D1C683F8F00D94D4B /* GLKit.framework in Frameworks */ = {isa = PBXBuildFile; fileRef = C16A2A1C1C683F8F00D94D4B /* GLKit.framework */; };
		C16A2A231C6841F800D94D4B /* assets in Resources */ = {isa = PBXBuildFile; fileRef = C16A2A221C6841F800D94D4B /* assets */; };
		C16A2A241C6841F800D94D4B /* assets in Resources */ = {isa = PBXBuildFile; fileRef = C16A2A221C6841F800D94D4B /* assets */; };
		C16A2A251C6841F800D94D4B /* assets in Resources */ = {isa = PBXBuildFile; fileRef = C16A2A221C6841F800D94D4B /* assets */; };
		C18F96E21C6901010061DECD /* art.scnassets in Resources */ = {isa = PBXBuildFile; fileRef = C18F96E11C6901010061DECD /* art.scnassets */; };
		C18F96E41C6901010061DECD /* Assets.xcassets in Resources */ = {isa = PBXBuildFile; fileRef = C18F96E31C6901010061DECD /* Assets.xcassets */; };
		C18F96E71C6901010061DECD /* MainMenu.xib in Resources */ = {isa = PBXBuildFile; fileRef = C18F96E51C6901010061DECD /* MainMenu.xib */; };
		C18F96F21C6901010061DECD /* MACOSXTests.m in Sources */ = {isa = PBXBuildFile; fileRef = C18F96F11C6901010061DECD /* MACOSXTests.m */; };
		C18F96FD1C6901010061DECD /* MACOSXUITests.m in Sources */ = {isa = PBXBuildFile; fileRef = C18F96FC1C6901010061DECD /* MACOSXUITests.m */; };
		C18F97091C6902660061DECD /* OGLESHelloAPI_OSX.mm in Sources */ = {isa = PBXBuildFile; fileRef = C18F97081C6902660061DECD /* OGLESHelloAPI_OSX.mm */; settings = {COMPILER_FLAGS = "-fno-objc-arc"; }; };
		C18F970F1C69033A0061DECD /* Foundation.framework in Frameworks */ = {isa = PBXBuildFile; fileRef = C18F970E1C69033A0061DECD /* Foundation.framework */; };
		C18F97111C6903400061DECD /* CoreData.framework in Frameworks */ = {isa = PBXBuildFile; fileRef = C18F97101C6903400061DECD /* CoreData.framework */; };
		C18F97131C6903460061DECD /* AppKit.framework in Frameworks */ = {isa = PBXBuildFile; fileRef = C18F97121C6903450061DECD /* AppKit.framework */; };
		C18F97151C69034C0061DECD /* QuartzCore.framework in Frameworks */ = {isa = PBXBuildFile; fileRef = C18F97141C69034C0061DECD /* QuartzCore.framework */; };
		C18F97171C6903520061DECD /* Cocoa.framework in Frameworks */ = {isa = PBXBuildFile; fileRef = C18F97161C6903520061DECD /* Cocoa.framework */; };
		C18F971B1C6904840061DECD /* libEGL.dylib in CopyFiles */ = {isa = PBXBuildFile; fileRef = C18F97191C6904830061DECD /* libEGL.dylib */; settings = {ATTRIBUTES = (CodeSignOnCopy, ); }; };
		C18F971C1C6904840061DECD /* libGLESv2.dylib in CopyFiles */ = {isa = PBXBuildFile; fileRef = C18F971A1C6904830061DECD /* libGLESv2.dylib */; settings = {ATTRIBUTES = (CodeSignOnCopy, ); }; };
		C18F971E1C6905080061DECD /* NJLIGameEngine.framework in Frameworks */ = {isa = PBXBuildFile; fileRef = C18F971D1C6905080061DECD /* NJLIGameEngine.framework */; };
		C18F971F1C6908D90061DECD /* libEGL.dylib in Frameworks */ = {isa = PBXBuildFile; fileRef = C18F97191C6904830061DECD /* libEGL.dylib */; };
		C18F97201C6908D90061DECD /* libGLESv2.dylib in Frameworks */ = {isa = PBXBuildFile; fileRef = C18F971A1C6904830061DECD /* libGLESv2.dylib */; };
		C18F984E1C6967C10061DECD /* Images.xcassets in Resources */ = {isa = PBXBuildFile; fileRef = C18F984D1C6967C10061DECD /* Images.xcassets */; };
/* End PBXBuildFile section */

/* Begin PBXContainerItemProxy section */
		C16A29F81C683E7C00D94D4B /* PBXContainerItemProxy */ = {
			isa = PBXContainerItemProxy;
			containerPortal = C16A29D21C683E7C00D94D4B /* Project object */;
			proxyType = 1;
			remoteGlobalIDString = C16A29D91C683E7C00D94D4B;
			remoteInfo = IOS;
		};
		C16A2A031C683E7C00D94D4B /* PBXContainerItemProxy */ = {
			isa = PBXContainerItemProxy;
			containerPortal = C16A29D21C683E7C00D94D4B /* Project object */;
			proxyType = 1;
			remoteGlobalIDString = C16A29D91C683E7C00D94D4B;
			remoteInfo = IOS;
		};
		C18F96EE1C6901010061DECD /* PBXContainerItemProxy */ = {
			isa = PBXContainerItemProxy;
			containerPortal = C16A29D21C683E7C00D94D4B /* Project object */;
			proxyType = 1;
			remoteGlobalIDString = C18F96D21C6901010061DECD;
			remoteInfo = MACOSX;
		};
		C18F96F91C6901010061DECD /* PBXContainerItemProxy */ = {
			isa = PBXContainerItemProxy;
			containerPortal = C16A29D21C683E7C00D94D4B /* Project object */;
			proxyType = 1;
			remoteGlobalIDString = C18F96D21C6901010061DECD;
			remoteInfo = MACOSX;
		};
/* End PBXContainerItemProxy section */

/* Begin PBXCopyFilesBuildPhase section */
		C13E389A1C6DAEC000BFF147 /* CopyFiles */ = {
			isa = PBXCopyFilesBuildPhase;
			buildActionMask = 2147483647;
			dstPath = /usr/share/man/man1/;
			dstSubfolderSpec = 0;
			files = (
			);
			runOnlyForDeploymentPostprocessing = 1;
		};
		C18F97181C69045C0061DECD /* CopyFiles */ = {
			isa = PBXCopyFilesBuildPhase;
			buildActionMask = 2147483647;
			dstPath = "";
			dstSubfolderSpec = 10;
			files = (
				C18F971B1C6904840061DECD /* libEGL.dylib in CopyFiles */,
				C18F971C1C6904840061DECD /* libGLESv2.dylib in CopyFiles */,
			);
			runOnlyForDeploymentPostprocessing = 0;
		};
/* End PBXCopyFilesBuildPhase section */

/* Begin PBXFileReference section */
		C110ED1E1CC9CD3A0096838F /* NJLIGameEngine_iOS.framework */ = {isa = PBXFileReference; lastKnownFileType = wrapper.framework; path = NJLIGameEngine_iOS.framework; sourceTree = "<group>"; };
		C13E389C1C6DAEC000BFF147 /* Export Assets */ = {isa = PBXFileReference; explicitFileType = "compiled.mach-o.executable"; includeInIndex = 0; path = "Export Assets"; sourceTree = BUILT_PRODUCTS_DIR; };
		C13E389E1C6DAEC000BFF147 /* main.cpp */ = {isa = PBXFileReference; lastKnownFileType = sourcecode.cpp.cpp; path = main.cpp; sourceTree = "<group>"; };
		C16A29DA1C683E7C00D94D4B /* YappyBirds.app */ = {isa = PBXFileReference; explicitFileType = wrapper.application; includeInIndex = 0; path = YappyBirds.app; sourceTree = BUILT_PRODUCTS_DIR; };
		C16A29DE1C683E7C00D94D4B /* main.m */ = {isa = PBXFileReference; lastKnownFileType = sourcecode.c.objc; path = main.m; sourceTree = "<group>"; };
		C16A29E01C683E7C00D94D4B /* AppDelegate.h */ = {isa = PBXFileReference; lastKnownFileType = sourcecode.c.h; path = AppDelegate.h; sourceTree = "<group>"; };
		C16A29E11C683E7C00D94D4B /* AppDelegate.mm */ = {isa = PBXFileReference; lastKnownFileType = sourcecode.cpp.objcpp; path = AppDelegate.mm; sourceTree = "<group>"; };
		C16A29E71C683E7C00D94D4B /* GameViewController.h */ = {isa = PBXFileReference; lastKnownFileType = sourcecode.c.h; path = GameViewController.h; sourceTree = "<group>"; };
		C16A29E81C683E7C00D94D4B /* GameViewController.mm */ = {isa = PBXFileReference; lastKnownFileType = sourcecode.cpp.objcpp; path = GameViewController.mm; sourceTree = "<group>"; };
		C16A29EB1C683E7C00D94D4B /* Base */ = {isa = PBXFileReference; lastKnownFileType = file.storyboard; name = Base; path = Base.lproj/Main.storyboard; sourceTree = "<group>"; };
		C16A29F01C683E7C00D94D4B /* Base */ = {isa = PBXFileReference; lastKnownFileType = file.storyboard; name = Base; path = Base.lproj/LaunchScreen.storyboard; sourceTree = "<group>"; };
		C16A29F21C683E7C00D94D4B /* Info.plist */ = {isa = PBXFileReference; lastKnownFileType = text.plist.xml; path = Info.plist; sourceTree = "<group>"; };
		C16A29F71C683E7C00D94D4B /* YappyBirds.xctest */ = {isa = PBXFileReference; explicitFileType = wrapper.cfbundle; includeInIndex = 0; path = YappyBirds.xctest; sourceTree = BUILT_PRODUCTS_DIR; };
		C16A29FB1C683E7C00D94D4B /* IOSTests.m */ = {isa = PBXFileReference; lastKnownFileType = sourcecode.c.objc; path = IOSTests.m; sourceTree = "<group>"; };
		C16A29FD1C683E7C00D94D4B /* Info.plist */ = {isa = PBXFileReference; lastKnownFileType = text.plist.xml; path = Info.plist; sourceTree = "<group>"; };
		C16A2A021C683E7C00D94D4B /* YappyBirds.xctest */ = {isa = PBXFileReference; explicitFileType = wrapper.cfbundle; includeInIndex = 0; path = YappyBirds.xctest; sourceTree = BUILT_PRODUCTS_DIR; };
		C16A2A061C683E7C00D94D4B /* IOSUITests.m */ = {isa = PBXFileReference; lastKnownFileType = sourcecode.c.objc; path = IOSUITests.m; sourceTree = "<group>"; };
		C16A2A081C683E7C00D94D4B /* Info.plist */ = {isa = PBXFileReference; lastKnownFileType = text.plist.xml; path = Info.plist; sourceTree = "<group>"; };
		C16A2A181C683F8000D94D4B /* AVFoundation.framework */ = {isa = PBXFileReference; lastKnownFileType = wrapper.framework; name = AVFoundation.framework; path = System/Library/Frameworks/AVFoundation.framework; sourceTree = SDKROOT; };
		C16A2A1A1C683F8800D94D4B /* AudioToolbox.framework */ = {isa = PBXFileReference; lastKnownFileType = wrapper.framework; name = AudioToolbox.framework; path = System/Library/Frameworks/AudioToolbox.framework; sourceTree = SDKROOT; };
		C16A2A1C1C683F8F00D94D4B /* GLKit.framework */ = {isa = PBXFileReference; lastKnownFileType = wrapper.framework; name = GLKit.framework; path = System/Library/Frameworks/GLKit.framework; sourceTree = SDKROOT; };
		C16A2A221C6841F800D94D4B /* assets */ = {isa = PBXFileReference; lastKnownFileType = folder; name = assets; path = ../COMMON/assets; sourceTree = "<group>"; };
		C18F96D31C6901010061DECD /* MACOSX.app */ = {isa = PBXFileReference; explicitFileType = wrapper.application; includeInIndex = 0; path = MACOSX.app; sourceTree = BUILT_PRODUCTS_DIR; };
		C18F96E11C6901010061DECD /* art.scnassets */ = {isa = PBXFileReference; lastKnownFileType = wrapper.scnassets; path = art.scnassets; sourceTree = "<group>"; };
		C18F96E31C6901010061DECD /* Assets.xcassets */ = {isa = PBXFileReference; lastKnownFileType = folder.assetcatalog; path = Assets.xcassets; sourceTree = "<group>"; };
		C18F96E61C6901010061DECD /* Base */ = {isa = PBXFileReference; lastKnownFileType = file.xib; name = Base; path = Base.lproj/MainMenu.xib; sourceTree = "<group>"; };
		C18F96E81C6901010061DECD /* Info.plist */ = {isa = PBXFileReference; lastKnownFileType = text.plist.xml; path = Info.plist; sourceTree = "<group>"; };
		C18F96ED1C6901010061DECD /* MACOSXTests.xctest */ = {isa = PBXFileReference; explicitFileType = wrapper.cfbundle; includeInIndex = 0; path = MACOSXTests.xctest; sourceTree = BUILT_PRODUCTS_DIR; };
		C18F96F11C6901010061DECD /* MACOSXTests.m */ = {isa = PBXFileReference; lastKnownFileType = sourcecode.c.objc; path = MACOSXTests.m; sourceTree = "<group>"; };
		C18F96F31C6901010061DECD /* Info.plist */ = {isa = PBXFileReference; lastKnownFileType = text.plist.xml; path = Info.plist; sourceTree = "<group>"; };
		C18F96F81C6901010061DECD /* MACOSXUITests.xctest */ = {isa = PBXFileReference; explicitFileType = wrapper.cfbundle; includeInIndex = 0; path = MACOSXUITests.xctest; sourceTree = BUILT_PRODUCTS_DIR; };
		C18F96FC1C6901010061DECD /* MACOSXUITests.m */ = {isa = PBXFileReference; lastKnownFileType = sourcecode.c.objc; path = MACOSXUITests.m; sourceTree = "<group>"; };
		C18F96FE1C6901010061DECD /* Info.plist */ = {isa = PBXFileReference; lastKnownFileType = text.plist.xml; path = Info.plist; sourceTree = "<group>"; };
		C18F97081C6902660061DECD /* OGLESHelloAPI_OSX.mm */ = {isa = PBXFileReference; fileEncoding = 4; lastKnownFileType = sourcecode.cpp.objcpp; path = OGLESHelloAPI_OSX.mm; sourceTree = "<group>"; };
		C18F970E1C69033A0061DECD /* Foundation.framework */ = {isa = PBXFileReference; lastKnownFileType = wrapper.framework; name = Foundation.framework; path = Platforms/MacOSX.platform/Developer/SDKs/MacOSX10.11.sdk/System/Library/Frameworks/Foundation.framework; sourceTree = DEVELOPER_DIR; };
		C18F97101C6903400061DECD /* CoreData.framework */ = {isa = PBXFileReference; lastKnownFileType = wrapper.framework; name = CoreData.framework; path = Platforms/MacOSX.platform/Developer/SDKs/MacOSX10.11.sdk/System/Library/Frameworks/CoreData.framework; sourceTree = DEVELOPER_DIR; };
		C18F97121C6903450061DECD /* AppKit.framework */ = {isa = PBXFileReference; lastKnownFileType = wrapper.framework; name = AppKit.framework; path = Platforms/MacOSX.platform/Developer/SDKs/MacOSX10.11.sdk/System/Library/Frameworks/AppKit.framework; sourceTree = DEVELOPER_DIR; };
		C18F97141C69034C0061DECD /* QuartzCore.framework */ = {isa = PBXFileReference; lastKnownFileType = wrapper.framework; name = QuartzCore.framework; path = Platforms/MacOSX.platform/Developer/SDKs/MacOSX10.11.sdk/System/Library/Frameworks/QuartzCore.framework; sourceTree = DEVELOPER_DIR; };
		C18F97161C6903520061DECD /* Cocoa.framework */ = {isa = PBXFileReference; lastKnownFileType = wrapper.framework; name = Cocoa.framework; path = Platforms/MacOSX.platform/Developer/SDKs/MacOSX10.11.sdk/System/Library/Frameworks/Cocoa.framework; sourceTree = DEVELOPER_DIR; };
		C18F97191C6904830061DECD /* libEGL.dylib */ = {isa = PBXFileReference; lastKnownFileType = "compiled.mach-o.dylib"; name = libEGL.dylib; path = PVR/OSX/x86/Lib/libEGL.dylib; sourceTree = "<group>"; };
		C18F971A1C6904830061DECD /* libGLESv2.dylib */ = {isa = PBXFileReference; lastKnownFileType = "compiled.mach-o.dylib"; name = libGLESv2.dylib; path = PVR/OSX/x86/Lib/libGLESv2.dylib; sourceTree = "<group>"; };
		C18F971D1C6905080061DECD /* NJLIGameEngine.framework */ = {isa = PBXFileReference; lastKnownFileType = wrapper.framework; path = NJLIGameEngine.framework; sourceTree = "<group>"; };
		C18F984D1C6967C10061DECD /* Images.xcassets */ = {isa = PBXFileReference; lastKnownFileType = folder.assetcatalog; path = Images.xcassets; sourceTree = "<group>"; };
/* End PBXFileReference section */

/* Begin PBXFrameworksBuildPhase section */
		C13E38991C6DAEC000BFF147 /* Frameworks */ = {
			isa = PBXFrameworksBuildPhase;
			buildActionMask = 2147483647;
			files = (
			);
			runOnlyForDeploymentPostprocessing = 0;
		};
		C16A29D71C683E7C00D94D4B /* Frameworks */ = {
			isa = PBXFrameworksBuildPhase;
			buildActionMask = 2147483647;
			files = (
				C16A2A1D1C683F8F00D94D4B /* GLKit.framework in Frameworks */,
				C16A2A1B1C683F8800D94D4B /* AudioToolbox.framework in Frameworks */,
				C16A2A191C683F8100D94D4B /* AVFoundation.framework in Frameworks */,
				C110ED1F1CC9CD3A0096838F /* NJLIGameEngine_iOS.framework in Frameworks */,
			);
			runOnlyForDeploymentPostprocessing = 0;
		};
		C16A29F41C683E7C00D94D4B /* Frameworks */ = {
			isa = PBXFrameworksBuildPhase;
			buildActionMask = 2147483647;
			files = (
			);
			runOnlyForDeploymentPostprocessing = 0;
		};
		C16A29FF1C683E7C00D94D4B /* Frameworks */ = {
			isa = PBXFrameworksBuildPhase;
			buildActionMask = 2147483647;
			files = (
			);
			runOnlyForDeploymentPostprocessing = 0;
		};
		C18F96D01C6901010061DECD /* Frameworks */ = {
			isa = PBXFrameworksBuildPhase;
			buildActionMask = 2147483647;
			files = (
				C18F971F1C6908D90061DECD /* libEGL.dylib in Frameworks */,
				C18F97201C6908D90061DECD /* libGLESv2.dylib in Frameworks */,
				C18F97171C6903520061DECD /* Cocoa.framework in Frameworks */,
				C18F971E1C6905080061DECD /* NJLIGameEngine.framework in Frameworks */,
				C18F97151C69034C0061DECD /* QuartzCore.framework in Frameworks */,
				C18F97131C6903460061DECD /* AppKit.framework in Frameworks */,
				C18F97111C6903400061DECD /* CoreData.framework in Frameworks */,
				C18F970F1C69033A0061DECD /* Foundation.framework in Frameworks */,
			);
			runOnlyForDeploymentPostprocessing = 0;
		};
		C18F96EA1C6901010061DECD /* Frameworks */ = {
			isa = PBXFrameworksBuildPhase;
			buildActionMask = 2147483647;
			files = (
			);
			runOnlyForDeploymentPostprocessing = 0;
		};
		C18F96F51C6901010061DECD /* Frameworks */ = {
			isa = PBXFrameworksBuildPhase;
			buildActionMask = 2147483647;
			files = (
			);
			runOnlyForDeploymentPostprocessing = 0;
		};
/* End PBXFrameworksBuildPhase section */

/* Begin PBXGroup section */
		C13E389D1C6DAEC000BFF147 /* Export Assets */ = {
			isa = PBXGroup;
			children = (
				C13E389E1C6DAEC000BFF147 /* main.cpp */,
			);
			path = "Export Assets";
			sourceTree = "<group>";
		};
		C16A29D11C683E7C00D94D4B = {
			isa = PBXGroup;
			children = (
				C16A2A221C6841F800D94D4B /* assets */,
				C16A29DC1C683E7C00D94D4B /* IOS */,
				C16A29FA1C683E7C00D94D4B /* IOSTests */,
				C16A2A051C683E7C00D94D4B /* IOSUITests */,
				C18F96D41C6901010061DECD /* MACOSX */,
				C18F96F01C6901010061DECD /* MACOSXTests */,
				C18F96FB1C6901010061DECD /* MACOSXUITests */,
				C13E389D1C6DAEC000BFF147 /* Export Assets */,
				C16A29DB1C683E7C00D94D4B /* Products */,
			);
			sourceTree = "<group>";
		};
		C16A29DB1C683E7C00D94D4B /* Products */ = {
			isa = PBXGroup;
			children = (
				C16A29DA1C683E7C00D94D4B /* YappyBirds.app */,
				C16A29F71C683E7C00D94D4B /* YappyBirds.xctest */,
				C16A2A021C683E7C00D94D4B /* YappyBirds.xctest */,
				C18F96D31C6901010061DECD /* MACOSX.app */,
				C18F96ED1C6901010061DECD /* MACOSXTests.xctest */,
				C18F96F81C6901010061DECD /* MACOSXUITests.xctest */,
				C13E389C1C6DAEC000BFF147 /* Export Assets */,
			);
			name = Products;
			sourceTree = "<group>";
		};
		C16A29DC1C683E7C00D94D4B /* IOS */ = {
			isa = PBXGroup;
			children = (
				C16A29E01C683E7C00D94D4B /* AppDelegate.h */,
				C16A29E11C683E7C00D94D4B /* AppDelegate.mm */,
				C16A29E71C683E7C00D94D4B /* GameViewController.h */,
				C16A29E81C683E7C00D94D4B /* GameViewController.mm */,
				C16A29EA1C683E7C00D94D4B /* Main.storyboard */,
				C18F984D1C6967C10061DECD /* Images.xcassets */,
				C16A29EF1C683E7C00D94D4B /* LaunchScreen.storyboard */,
				C16A29F21C683E7C00D94D4B /* Info.plist */,
				C16A29DD1C683E7C00D94D4B /* Supporting Files */,
			);
			path = IOS;
			sourceTree = "<group>";
		};
		C16A29DD1C683E7C00D94D4B /* Supporting Files */ = {
			isa = PBXGroup;
			children = (
				C110ED1E1CC9CD3A0096838F /* NJLIGameEngine_iOS.framework */,
				C16A2A1C1C683F8F00D94D4B /* GLKit.framework */,
				C16A2A1A1C683F8800D94D4B /* AudioToolbox.framework */,
				C16A2A181C683F8000D94D4B /* AVFoundation.framework */,
				C16A29DE1C683E7C00D94D4B /* main.m */,
			);
			name = "Supporting Files";
			sourceTree = "<group>";
		};
		C16A29FA1C683E7C00D94D4B /* IOSTests */ = {
			isa = PBXGroup;
			children = (
				C16A29FB1C683E7C00D94D4B /* IOSTests.m */,
				C16A29FD1C683E7C00D94D4B /* Info.plist */,
			);
			path = IOSTests;
			sourceTree = "<group>";
		};
		C16A2A051C683E7C00D94D4B /* IOSUITests */ = {
			isa = PBXGroup;
			children = (
				C16A2A061C683E7C00D94D4B /* IOSUITests.m */,
				C16A2A081C683E7C00D94D4B /* Info.plist */,
			);
			path = IOSUITests;
			sourceTree = "<group>";
		};
		C18F96D41C6901010061DECD /* MACOSX */ = {
			isa = PBXGroup;
			children = (
				C18F97081C6902660061DECD /* OGLESHelloAPI_OSX.mm */,
				C18F96E11C6901010061DECD /* art.scnassets */,
				C18F96E31C6901010061DECD /* Assets.xcassets */,
				C18F96E51C6901010061DECD /* MainMenu.xib */,
				C18F96E81C6901010061DECD /* Info.plist */,
				C18F96D81C6901010061DECD /* Supporting Files */,
			);
			path = MACOSX;
			sourceTree = "<group>";
		};
		C18F96D81C6901010061DECD /* Supporting Files */ = {
			isa = PBXGroup;
			children = (
				C18F97191C6904830061DECD /* libEGL.dylib */,
				C18F971A1C6904830061DECD /* libGLESv2.dylib */,
				C18F971D1C6905080061DECD /* NJLIGameEngine.framework */,
				C18F97161C6903520061DECD /* Cocoa.framework */,
				C18F97141C69034C0061DECD /* QuartzCore.framework */,
				C18F97121C6903450061DECD /* AppKit.framework */,
				C18F97101C6903400061DECD /* CoreData.framework */,
				C18F970E1C69033A0061DECD /* Foundation.framework */,
			);
			name = "Supporting Files";
			sourceTree = "<group>";
		};
		C18F96F01C6901010061DECD /* MACOSXTests */ = {
			isa = PBXGroup;
			children = (
				C18F96F11C6901010061DECD /* MACOSXTests.m */,
				C18F96F31C6901010061DECD /* Info.plist */,
			);
			path = MACOSXTests;
			sourceTree = "<group>";
		};
		C18F96FB1C6901010061DECD /* MACOSXUITests */ = {
			isa = PBXGroup;
			children = (
				C18F96FC1C6901010061DECD /* MACOSXUITests.m */,
				C18F96FE1C6901010061DECD /* Info.plist */,
			);
			path = MACOSXUITests;
			sourceTree = "<group>";
		};
/* End PBXGroup section */

/* Begin PBXNativeTarget section */
		C13E389B1C6DAEC000BFF147 /* Export Assets */ = {
			isa = PBXNativeTarget;
			buildConfigurationList = C13E38A01C6DAEC000BFF147 /* Build configuration list for PBXNativeTarget "Export Assets" */;
			buildPhases = (
				C13E38981C6DAEC000BFF147 /* Sources */,
				C13E38991C6DAEC000BFF147 /* Frameworks */,
				C13E389A1C6DAEC000BFF147 /* CopyFiles */,
				C13E38A31C6DAECC00BFF147 /* Export Assets */,
			);
			buildRules = (
			);
			dependencies = (
			);
			name = "Export Assets";
			productName = "Export Assets";
			productReference = C13E389C1C6DAEC000BFF147 /* Export Assets */;
			productType = "com.apple.product-type.tool";
		};
		C16A29D91C683E7C00D94D4B /* YappyBirds */ = {
			isa = PBXNativeTarget;
			buildConfigurationList = C16A2A0B1C683E7C00D94D4B /* Build configuration list for PBXNativeTarget "YappyBirds" */;
			buildPhases = (
				C16A29D61C683E7C00D94D4B /* Sources */,
				C16A29D71C683E7C00D94D4B /* Frameworks */,
				C13E38951C6D846100BFF147 /* ShellScript */,
				C16A29D81C683E7C00D94D4B /* Resources */,
			);
			buildRules = (
			);
			dependencies = (
			);
			name = YappyBirds;
			productName = IOS;
			productReference = C16A29DA1C683E7C00D94D4B /* YappyBirds.app */;
			productType = "com.apple.product-type.application";
		};
		C16A29F61C683E7C00D94D4B /* YappyBirdsTests */ = {
			isa = PBXNativeTarget;
			buildConfigurationList = C16A2A0E1C683E7C00D94D4B /* Build configuration list for PBXNativeTarget "YappyBirdsTests" */;
			buildPhases = (
				C16A29F31C683E7C00D94D4B /* Sources */,
				C16A29F41C683E7C00D94D4B /* Frameworks */,
				C16A29F51C683E7C00D94D4B /* Resources */,
			);
			buildRules = (
			);
			dependencies = (
				C16A29F91C683E7C00D94D4B /* PBXTargetDependency */,
			);
			name = YappyBirdsTests;
			productName = IOSTests;
			productReference = C16A29F71C683E7C00D94D4B /* YappyBirds.xctest */;
			productType = "com.apple.product-type.bundle.unit-test";
		};
		C16A2A011C683E7C00D94D4B /* YappyBirdsUITests */ = {
			isa = PBXNativeTarget;
			buildConfigurationList = C16A2A111C683E7C00D94D4B /* Build configuration list for PBXNativeTarget "YappyBirdsUITests" */;
			buildPhases = (
				C16A29FE1C683E7C00D94D4B /* Sources */,
				C16A29FF1C683E7C00D94D4B /* Frameworks */,
				C16A2A001C683E7C00D94D4B /* Resources */,
			);
			buildRules = (
			);
			dependencies = (
				C16A2A041C683E7C00D94D4B /* PBXTargetDependency */,
			);
			name = YappyBirdsUITests;
			productName = IOSUITests;
			productReference = C16A2A021C683E7C00D94D4B /* YappyBirds.xctest */;
			productType = "com.apple.product-type.bundle.ui-testing";
		};
		C18F96D21C6901010061DECD /* MACOSX */ = {
			isa = PBXNativeTarget;
			buildConfigurationList = C18F96FF1C6901010061DECD /* Build configuration list for PBXNativeTarget "MACOSX" */;
			buildPhases = (
				C18F96CF1C6901010061DECD /* Sources */,
				C18F96D01C6901010061DECD /* Frameworks */,
				C18F96D11C6901010061DECD /* Resources */,
				C18F97181C69045C0061DECD /* CopyFiles */,
			);
			buildRules = (
			);
			dependencies = (
			);
			name = MACOSX;
			productName = MACOSX;
			productReference = C18F96D31C6901010061DECD /* MACOSX.app */;
			productType = "com.apple.product-type.application";
		};
		C18F96EC1C6901010061DECD /* MACOSXTests */ = {
			isa = PBXNativeTarget;
			buildConfigurationList = C18F97021C6901010061DECD /* Build configuration list for PBXNativeTarget "MACOSXTests" */;
			buildPhases = (
				C18F96E91C6901010061DECD /* Sources */,
				C18F96EA1C6901010061DECD /* Frameworks */,
				C18F96EB1C6901010061DECD /* Resources */,
			);
			buildRules = (
			);
			dependencies = (
				C18F96EF1C6901010061DECD /* PBXTargetDependency */,
			);
			name = MACOSXTests;
			productName = MACOSXTests;
			productReference = C18F96ED1C6901010061DECD /* MACOSXTests.xctest */;
			productType = "com.apple.product-type.bundle.unit-test";
		};
		C18F96F71C6901010061DECD /* MACOSXUITests */ = {
			isa = PBXNativeTarget;
			buildConfigurationList = C18F97051C6901010061DECD /* Build configuration list for PBXNativeTarget "MACOSXUITests" */;
			buildPhases = (
				C18F96F41C6901010061DECD /* Sources */,
				C18F96F51C6901010061DECD /* Frameworks */,
				C18F96F61C6901010061DECD /* Resources */,
			);
			buildRules = (
			);
			dependencies = (
				C18F96FA1C6901010061DECD /* PBXTargetDependency */,
			);
			name = MACOSXUITests;
			productName = MACOSXUITests;
			productReference = C18F96F81C6901010061DECD /* MACOSXUITests.xctest */;
			productType = "com.apple.product-type.bundle.ui-testing";
		};
/* End PBXNativeTarget section */

/* Begin PBXProject section */
		C16A29D21C683E7C00D94D4B /* Project object */ = {
			isa = PBXProject;
			attributes = {
				LastUpgradeCheck = 0720;
				ORGANIZATIONNAME = "NJLIGames Ltd.";
				TargetAttributes = {
					C13E389B1C6DAEC000BFF147 = {
						CreatedOnToolsVersion = 7.2;
					};
					C16A29D91C683E7C00D94D4B = {
						CreatedOnToolsVersion = 7.2;
						DevelopmentTeam = 6UWRM7QGYR;
					};
					C16A29F61C683E7C00D94D4B = {
						CreatedOnToolsVersion = 7.2;
						TestTargetID = C16A29D91C683E7C00D94D4B;
					};
					C16A2A011C683E7C00D94D4B = {
						CreatedOnToolsVersion = 7.2;
						TestTargetID = C16A29D91C683E7C00D94D4B;
					};
					C18F96D21C6901010061DECD = {
						CreatedOnToolsVersion = 7.2;
					};
					C18F96EC1C6901010061DECD = {
						CreatedOnToolsVersion = 7.2;
						TestTargetID = C18F96D21C6901010061DECD;
					};
					C18F96F71C6901010061DECD = {
						CreatedOnToolsVersion = 7.2;
						TestTargetID = C18F96D21C6901010061DECD;
					};
				};
			};
			buildConfigurationList = C16A29D51C683E7C00D94D4B /* Build configuration list for PBXProject "YappyBirds" */;
			compatibilityVersion = "Xcode 3.2";
			developmentRegion = English;
			hasScannedForEncodings = 0;
			knownRegions = (
				en,
				Base,
			);
			mainGroup = C16A29D11C683E7C00D94D4B;
			productRefGroup = C16A29DB1C683E7C00D94D4B /* Products */;
			projectDirPath = "";
			projectRoot = "";
			targets = (
				C16A29D91C683E7C00D94D4B /* YappyBirds */,
				C16A29F61C683E7C00D94D4B /* YappyBirdsTests */,
				C16A2A011C683E7C00D94D4B /* YappyBirdsUITests */,
				C18F96D21C6901010061DECD /* MACOSX */,
				C18F96EC1C6901010061DECD /* MACOSXTests */,
				C18F96F71C6901010061DECD /* MACOSXUITests */,
				C13E389B1C6DAEC000BFF147 /* Export Assets */,
			);
		};
/* End PBXProject section */

/* Begin PBXResourcesBuildPhase section */
		C16A29D81C683E7C00D94D4B /* Resources */ = {
			isa = PBXResourcesBuildPhase;
			buildActionMask = 2147483647;
			files = (
				C16A29EC1C683E7C00D94D4B /* Main.storyboard in Resources */,
				C18F984E1C6967C10061DECD /* Images.xcassets in Resources */,
				C16A2A231C6841F800D94D4B /* assets in Resources */,
				C16A29F11C683E7C00D94D4B /* LaunchScreen.storyboard in Resources */,
			);
			runOnlyForDeploymentPostprocessing = 0;
		};
		C16A29F51C683E7C00D94D4B /* Resources */ = {
			isa = PBXResourcesBuildPhase;
			buildActionMask = 2147483647;
			files = (
				C16A2A241C6841F800D94D4B /* assets in Resources */,
			);
			runOnlyForDeploymentPostprocessing = 0;
		};
		C16A2A001C683E7C00D94D4B /* Resources */ = {
			isa = PBXResourcesBuildPhase;
			buildActionMask = 2147483647;
			files = (
				C16A2A251C6841F800D94D4B /* assets in Resources */,
			);
			runOnlyForDeploymentPostprocessing = 0;
		};
		C18F96D11C6901010061DECD /* Resources */ = {
			isa = PBXResourcesBuildPhase;
			buildActionMask = 2147483647;
			files = (
				C18F96E41C6901010061DECD /* Assets.xcassets in Resources */,
				C18F96E21C6901010061DECD /* art.scnassets in Resources */,
				C18F96E71C6901010061DECD /* MainMenu.xib in Resources */,
			);
			runOnlyForDeploymentPostprocessing = 0;
		};
		C18F96EB1C6901010061DECD /* Resources */ = {
			isa = PBXResourcesBuildPhase;
			buildActionMask = 2147483647;
			files = (
			);
			runOnlyForDeploymentPostprocessing = 0;
		};
		C18F96F61C6901010061DECD /* Resources */ = {
			isa = PBXResourcesBuildPhase;
			buildActionMask = 2147483647;
			files = (
			);
			runOnlyForDeploymentPostprocessing = 0;
		};
/* End PBXResourcesBuildPhase section */

/* Begin PBXShellScriptBuildPhase section */
		C13E38951C6D846100BFF147 /* ShellScript */ = {
			isa = PBXShellScriptBuildPhase;
			buildActionMask = 2147483647;
			files = (
			);
			inputPaths = (
			);
			outputPaths = (
			);
			runOnlyForDeploymentPostprocessing = 0;
			shellPath = /bin/sh;
			shellScript = "cd ${SRCROOT}/../COMMON && make\n";
		};
		C13E38A31C6DAECC00BFF147 /* Export Assets */ = {
			isa = PBXShellScriptBuildPhase;
			buildActionMask = 2147483647;
			files = (
			);
			inputPaths = (
			);
			name = "Export Assets";
			outputPaths = (
			);
			runOnlyForDeploymentPostprocessing = 0;
			shellPath = /bin/sh;
			shellScript = "NJLI=\"${SRCROOT}/../../NJLIGameEngine/Source/jli_game_engine/version-1.0/\"\nCOMMON=\"${SRCROOT}/../COMMON/\"\n\n#copy working script files\nsh ${NJLI}/bin/list_lua_files ${COMMON}/assets/scripts ${COMMON}/gameplay_scripts ${NJLI}/bin/\n\n#copy working sound files\nsh ${NJLI}/bin/list_audio_files ${COMMON}/assets/sounds ${COMMON}/audio ${NJLI}/bin/\n";
		};
/* End PBXShellScriptBuildPhase section */

/* Begin PBXSourcesBuildPhase section */
		C13E38981C6DAEC000BFF147 /* Sources */ = {
			isa = PBXSourcesBuildPhase;
			buildActionMask = 2147483647;
			files = (
				C13E389F1C6DAEC000BFF147 /* main.cpp in Sources */,
			);
			runOnlyForDeploymentPostprocessing = 0;
		};
		C16A29D61C683E7C00D94D4B /* Sources */ = {
			isa = PBXSourcesBuildPhase;
			buildActionMask = 2147483647;
			files = (
				C16A29E21C683E7C00D94D4B /* AppDelegate.mm in Sources */,
				C16A29E91C683E7C00D94D4B /* GameViewController.mm in Sources */,
				C16A29DF1C683E7C00D94D4B /* main.m in Sources */,
			);
			runOnlyForDeploymentPostprocessing = 0;
		};
		C16A29F31C683E7C00D94D4B /* Sources */ = {
			isa = PBXSourcesBuildPhase;
			buildActionMask = 2147483647;
			files = (
				C16A29FC1C683E7C00D94D4B /* IOSTests.m in Sources */,
			);
			runOnlyForDeploymentPostprocessing = 0;
		};
		C16A29FE1C683E7C00D94D4B /* Sources */ = {
			isa = PBXSourcesBuildPhase;
			buildActionMask = 2147483647;
			files = (
				C16A2A071C683E7C00D94D4B /* IOSUITests.m in Sources */,
			);
			runOnlyForDeploymentPostprocessing = 0;
		};
		C18F96CF1C6901010061DECD /* Sources */ = {
			isa = PBXSourcesBuildPhase;
			buildActionMask = 2147483647;
			files = (
				C18F97091C6902660061DECD /* OGLESHelloAPI_OSX.mm in Sources */,
			);
			runOnlyForDeploymentPostprocessing = 0;
		};
		C18F96E91C6901010061DECD /* Sources */ = {
			isa = PBXSourcesBuildPhase;
			buildActionMask = 2147483647;
			files = (
				C18F96F21C6901010061DECD /* MACOSXTests.m in Sources */,
			);
			runOnlyForDeploymentPostprocessing = 0;
		};
		C18F96F41C6901010061DECD /* Sources */ = {
			isa = PBXSourcesBuildPhase;
			buildActionMask = 2147483647;
			files = (
				C18F96FD1C6901010061DECD /* MACOSXUITests.m in Sources */,
			);
			runOnlyForDeploymentPostprocessing = 0;
		};
/* End PBXSourcesBuildPhase section */

/* Begin PBXTargetDependency section */
		C16A29F91C683E7C00D94D4B /* PBXTargetDependency */ = {
			isa = PBXTargetDependency;
			target = C16A29D91C683E7C00D94D4B /* YappyBirds */;
			targetProxy = C16A29F81C683E7C00D94D4B /* PBXContainerItemProxy */;
		};
		C16A2A041C683E7C00D94D4B /* PBXTargetDependency */ = {
			isa = PBXTargetDependency;
			target = C16A29D91C683E7C00D94D4B /* YappyBirds */;
			targetProxy = C16A2A031C683E7C00D94D4B /* PBXContainerItemProxy */;
		};
		C18F96EF1C6901010061DECD /* PBXTargetDependency */ = {
			isa = PBXTargetDependency;
			target = C18F96D21C6901010061DECD /* MACOSX */;
			targetProxy = C18F96EE1C6901010061DECD /* PBXContainerItemProxy */;
		};
		C18F96FA1C6901010061DECD /* PBXTargetDependency */ = {
			isa = PBXTargetDependency;
			target = C18F96D21C6901010061DECD /* MACOSX */;
			targetProxy = C18F96F91C6901010061DECD /* PBXContainerItemProxy */;
		};
/* End PBXTargetDependency section */

/* Begin PBXVariantGroup section */
		C16A29EA1C683E7C00D94D4B /* Main.storyboard */ = {
			isa = PBXVariantGroup;
			children = (
				C16A29EB1C683E7C00D94D4B /* Base */,
			);
			name = Main.storyboard;
			sourceTree = "<group>";
		};
		C16A29EF1C683E7C00D94D4B /* LaunchScreen.storyboard */ = {
			isa = PBXVariantGroup;
			children = (
				C16A29F01C683E7C00D94D4B /* Base */,
			);
			name = LaunchScreen.storyboard;
			sourceTree = "<group>";
		};
		C18F96E51C6901010061DECD /* MainMenu.xib */ = {
			isa = PBXVariantGroup;
			children = (
				C18F96E61C6901010061DECD /* Base */,
			);
			name = MainMenu.xib;
			sourceTree = "<group>";
		};
/* End PBXVariantGroup section */

/* Begin XCBuildConfiguration section */
		C13E38A11C6DAEC000BFF147 /* Debug */ = {
			isa = XCBuildConfiguration;
			buildSettings = {
				CODE_SIGN_IDENTITY = "-";
				DEBUG_INFORMATION_FORMAT = dwarf;
				HEADER_SEARCH_PATHS = "\"${SRCROOT}/../../NJLIGameEngine/Source/jli_game_engine/version-1.0/\"";
				MACOSX_DEPLOYMENT_TARGET = 10.11;
				PRODUCT_NAME = "$(TARGET_NAME)";
				SDKROOT = macosx;
			};
			name = Debug;
		};
		C13E38A21C6DAEC000BFF147 /* Release */ = {
			isa = XCBuildConfiguration;
			buildSettings = {
				CODE_SIGN_IDENTITY = "-";
				HEADER_SEARCH_PATHS = "\"${SRCROOT}/../../NJLIGameEngine/Source/jli_game_engine/version-1.0/\"";
				MACOSX_DEPLOYMENT_TARGET = 10.11;
				PRODUCT_NAME = "$(TARGET_NAME)";
				SDKROOT = macosx;
			};
			name = Release;
		};
		C16A2A091C683E7C00D94D4B /* Debug */ = {
			isa = XCBuildConfiguration;
			buildSettings = {
				ALWAYS_SEARCH_USER_PATHS = NO;
				CLANG_CXX_LANGUAGE_STANDARD = "gnu++0x";
				CLANG_CXX_LIBRARY = "libc++";
				CLANG_ENABLE_MODULES = YES;
				CLANG_ENABLE_OBJC_ARC = YES;
				CLANG_WARN_BOOL_CONVERSION = YES;
				CLANG_WARN_CONSTANT_CONVERSION = YES;
				CLANG_WARN_DIRECT_OBJC_ISA_USAGE = YES_ERROR;
				CLANG_WARN_EMPTY_BODY = YES;
				CLANG_WARN_ENUM_CONVERSION = YES;
				CLANG_WARN_INT_CONVERSION = YES;
				CLANG_WARN_OBJC_ROOT_CLASS = YES_ERROR;
				CLANG_WARN_UNREACHABLE_CODE = YES;
				CLANG_WARN__DUPLICATE_METHOD_MATCH = YES;
				"CODE_SIGN_IDENTITY[sdk=iphoneos*]" = "iPhone Developer";
				COPY_PHASE_STRIP = NO;
				DEBUG_INFORMATION_FORMAT = "dwarf-with-dsym";
				ENABLE_STRICT_OBJC_MSGSEND = YES;
				ENABLE_TESTABILITY = YES;
				GCC_C_LANGUAGE_STANDARD = gnu99;
				GCC_DYNAMIC_NO_PIC = NO;
				GCC_NO_COMMON_BLOCKS = YES;
				GCC_OPTIMIZATION_LEVEL = 0;
				GCC_PREPROCESSOR_DEFINITIONS = (
					"DEBUG=1",
					"$(inherited)",
				);
				GCC_WARN_64_TO_32_BIT_CONVERSION = YES;
				GCC_WARN_ABOUT_RETURN_TYPE = YES_ERROR;
				GCC_WARN_UNDECLARED_SELECTOR = YES;
				GCC_WARN_UNINITIALIZED_AUTOS = YES_AGGRESSIVE;
				GCC_WARN_UNUSED_FUNCTION = YES;
				GCC_WARN_UNUSED_VARIABLE = YES;
				IPHONEOS_DEPLOYMENT_TARGET = 9.2;
				MTL_ENABLE_DEBUG_INFO = YES;
				ONLY_ACTIVE_ARCH = YES;
				SDKROOT = iphoneos;
				TARGETED_DEVICE_FAMILY = "1,2";
			};
			name = Debug;
		};
		C16A2A0A1C683E7C00D94D4B /* Release */ = {
			isa = XCBuildConfiguration;
			buildSettings = {
				ALWAYS_SEARCH_USER_PATHS = NO;
				CLANG_CXX_LANGUAGE_STANDARD = "gnu++0x";
				CLANG_CXX_LIBRARY = "libc++";
				CLANG_ENABLE_MODULES = YES;
				CLANG_ENABLE_OBJC_ARC = YES;
				CLANG_WARN_BOOL_CONVERSION = YES;
				CLANG_WARN_CONSTANT_CONVERSION = YES;
				CLANG_WARN_DIRECT_OBJC_ISA_USAGE = YES_ERROR;
				CLANG_WARN_EMPTY_BODY = YES;
				CLANG_WARN_ENUM_CONVERSION = YES;
				CLANG_WARN_INT_CONVERSION = YES;
				CLANG_WARN_OBJC_ROOT_CLASS = YES_ERROR;
				CLANG_WARN_UNREACHABLE_CODE = YES;
				CLANG_WARN__DUPLICATE_METHOD_MATCH = YES;
				"CODE_SIGN_IDENTITY[sdk=iphoneos*]" = "iPhone Developer";
				COPY_PHASE_STRIP = NO;
				DEBUG_INFORMATION_FORMAT = "dwarf-with-dsym";
				ENABLE_NS_ASSERTIONS = NO;
				ENABLE_STRICT_OBJC_MSGSEND = YES;
				GCC_C_LANGUAGE_STANDARD = gnu99;
				GCC_NO_COMMON_BLOCKS = YES;
				GCC_WARN_64_TO_32_BIT_CONVERSION = YES;
				GCC_WARN_ABOUT_RETURN_TYPE = YES_ERROR;
				GCC_WARN_UNDECLARED_SELECTOR = YES;
				GCC_WARN_UNINITIALIZED_AUTOS = YES_AGGRESSIVE;
				GCC_WARN_UNUSED_FUNCTION = YES;
				GCC_WARN_UNUSED_VARIABLE = YES;
				IPHONEOS_DEPLOYMENT_TARGET = 9.2;
				MTL_ENABLE_DEBUG_INFO = NO;
				SDKROOT = iphoneos;
				TARGETED_DEVICE_FAMILY = "1,2";
				VALIDATE_PRODUCT = YES;
			};
			name = Release;
		};
		C16A2A0C1C683E7C00D94D4B /* Debug */ = {
			isa = XCBuildConfiguration;
			buildSettings = {
				ASSETCATALOG_COMPILER_APPICON_NAME = AppIcon;
				ASSETCATALOG_COMPILER_LAUNCHIMAGE_NAME = LaunchImage;
				CODE_SIGN_IDENTITY = "iPhone Developer";
				"CODE_SIGN_IDENTITY[sdk=iphoneos*]" = "iPhone Developer";
				ENABLE_BITCODE = NO;
				FRAMEWORK_SEARCH_PATHS = (
					"$(inherited)",
					"$(PROJECT_DIR)/IOS",
				);
				HEADER_SEARCH_PATHS = "\"$(SRCROOT)/IOS/fmod/ios/FMOD Programmers API/api/lowlevel/inc\"";
				INFOPLIST_FILE = IOS/Info.plist;
				LD_RUNPATH_SEARCH_PATHS = "$(inherited) @executable_path/Frameworks";
				LIBRARY_SEARCH_PATHS = "\"$(SRCROOT)/IOS/fmod/ios/FMOD Programmers API/api/lowlevel/lib\"";
				OTHER_LDFLAGS = "-lfmodL_$PLATFORM_NAME";
				PRODUCT_BUNDLE_IDENTIFIER = com.jamesfolk1.yappybirds;
				PRODUCT_NAME = YappyBirds;
				PROVISIONING_PROFILE = "";
				TARGETED_DEVICE_FAMILY = "1,2";
			};
			name = Debug;
		};
		C16A2A0D1C683E7C00D94D4B /* Release */ = {
			isa = XCBuildConfiguration;
			buildSettings = {
				ASSETCATALOG_COMPILER_APPICON_NAME = AppIcon;
				ASSETCATALOG_COMPILER_LAUNCHIMAGE_NAME = LaunchImage;
				CODE_SIGN_IDENTITY = "iPhone Developer";
				"CODE_SIGN_IDENTITY[sdk=iphoneos*]" = "iPhone Developer";
				ENABLE_BITCODE = NO;
				FRAMEWORK_SEARCH_PATHS = (
					"$(inherited)",
					"$(PROJECT_DIR)/IOS",
				);
				HEADER_SEARCH_PATHS = "\"$(SRCROOT)/IOS/fmod/ios/FMOD Programmers API/api/lowlevel/inc\"";
				INFOPLIST_FILE = IOS/Info.plist;
				LD_RUNPATH_SEARCH_PATHS = "$(inherited) @executable_path/Frameworks";
				LIBRARY_SEARCH_PATHS = "\"$(SRCROOT)/IOS/fmod/ios/FMOD Programmers API/api/lowlevel/lib\"";
				OTHER_LDFLAGS = "-lfmod_$PLATFORM_NAME";
				PRODUCT_BUNDLE_IDENTIFIER = com.jamesfolk1.yappybirds;
				PRODUCT_NAME = YappyBirds;
				PROVISIONING_PROFILE = "";
				TARGETED_DEVICE_FAMILY = "1,2";
			};
			name = Release;
		};
		C16A2A0F1C683E7C00D94D4B /* Debug */ = {
			isa = XCBuildConfiguration;
			buildSettings = {
				BUNDLE_LOADER = "$(TEST_HOST)";
				DEBUG_INFORMATION_FORMAT = dwarf;
				FRAMEWORK_SEARCH_PATHS = (
					"$(inherited)",
					"$(PROJECT_DIR)/IOS",
				);
				INFOPLIST_FILE = IOSTests/Info.plist;
				LD_RUNPATH_SEARCH_PATHS = "$(inherited) @executable_path/Frameworks @loader_path/Frameworks";
				PRODUCT_BUNDLE_IDENTIFIER = com.njligames.yappybirds.IOSTests;
				PRODUCT_NAME = YappyBirds;
				TEST_HOST = "$(BUILT_PRODUCTS_DIR)/YappyBirds.app/YappyBirds";
			};
			name = Debug;
		};
		C16A2A101C683E7C00D94D4B /* Release */ = {
			isa = XCBuildConfiguration;
			buildSettings = {
				BUNDLE_LOADER = "$(TEST_HOST)";
				FRAMEWORK_SEARCH_PATHS = (
					"$(inherited)",
					"$(PROJECT_DIR)/IOS",
				);
				INFOPLIST_FILE = IOSTests/Info.plist;
				LD_RUNPATH_SEARCH_PATHS = "$(inherited) @executable_path/Frameworks @loader_path/Frameworks";
				PRODUCT_BUNDLE_IDENTIFIER = com.njligames.yappybirds.IOSTests;
				PRODUCT_NAME = YappyBirds;
				TEST_HOST = "$(BUILT_PRODUCTS_DIR)/YappyBirds.app/YappyBirds";
			};
			name = Release;
		};
		C16A2A121C683E7C00D94D4B /* Debug */ = {
			isa = XCBuildConfiguration;
			buildSettings = {
				DEBUG_INFORMATION_FORMAT = dwarf;
				FRAMEWORK_SEARCH_PATHS = (
					"$(inherited)",
					"$(PROJECT_DIR)/IOS",
				);
				INFOPLIST_FILE = IOSUITests/Info.plist;
				LD_RUNPATH_SEARCH_PATHS = "$(inherited) @executable_path/Frameworks @loader_path/Frameworks";
				PRODUCT_BUNDLE_IDENTIFIER = com.njligames.yappybirds.IOSUITests;
				PRODUCT_NAME = YappyBirds;
				TEST_TARGET_NAME = IOS;
				USES_XCTRUNNER = YES;
			};
			name = Debug;
		};
		C16A2A131C683E7C00D94D4B /* Release */ = {
			isa = XCBuildConfiguration;
			buildSettings = {
				FRAMEWORK_SEARCH_PATHS = (
					"$(inherited)",
					"$(PROJECT_DIR)/IOS",
				);
				INFOPLIST_FILE = IOSUITests/Info.plist;
				LD_RUNPATH_SEARCH_PATHS = "$(inherited) @executable_path/Frameworks @loader_path/Frameworks";
				PRODUCT_BUNDLE_IDENTIFIER = com.njligames.yappybirds.IOSUITests;
				PRODUCT_NAME = YappyBirds;
				TEST_TARGET_NAME = IOS;
				USES_XCTRUNNER = YES;
			};
			name = Release;
		};
		C18F97001C6901010061DECD /* Debug */ = {
			isa = XCBuildConfiguration;
			buildSettings = {
				ASSETCATALOG_COMPILER_APPICON_NAME = AppIcon;
				CLANG_CXX_LANGUAGE_STANDARD = "compiler-default";
				CLANG_CXX_LIBRARY = "compiler-default";
				CODE_SIGN_IDENTITY = "-";
				COMBINE_HIDPI_IMAGES = YES;
				FRAMEWORK_SEARCH_PATHS = (
					"$(inherited)",
					"$(PROJECT_DIR)/MACOSX",
				);
				HEADER_SEARCH_PATHS = "\"$(SRCROOT)/MACOSX/PVR/Include\"";
				INFOPLIST_FILE = MACOSX/Info.plist;
				LD_RUNPATH_SEARCH_PATHS = "$(inherited)";
				LIBRARY_SEARCH_PATHS = (
					"\"$(SRCROOT)/MACOSX/PVR/Include/OSX/x86/Lib\"",
					"$(PROJECT_DIR)/MACOSX/PVR/OSX/x86/Lib",
				);
				MACOSX_DEPLOYMENT_TARGET = 10.6;
				PRODUCT_BUNDLE_IDENTIFIER = com.njligames.yappybirds.MACOSX;
				PRODUCT_NAME = "$(TARGET_NAME)";
				SDKROOT = macosx;
			};
			name = Debug;
		};
		C18F97011C6901010061DECD /* Release */ = {
			isa = XCBuildConfiguration;
			buildSettings = {
				ASSETCATALOG_COMPILER_APPICON_NAME = AppIcon;
				CLANG_CXX_LANGUAGE_STANDARD = "compiler-default";
				CLANG_CXX_LIBRARY = "compiler-default";
				CODE_SIGN_IDENTITY = "-";
				COMBINE_HIDPI_IMAGES = YES;
				FRAMEWORK_SEARCH_PATHS = (
					"$(inherited)",
					"$(PROJECT_DIR)/MACOSX",
				);
				HEADER_SEARCH_PATHS = "\"$(SRCROOT)/MACOSX/PVR/Include\"";
				INFOPLIST_FILE = MACOSX/Info.plist;
				LD_RUNPATH_SEARCH_PATHS = "$(inherited)";
				LIBRARY_SEARCH_PATHS = (
					"\"$(SRCROOT)/MACOSX/PVR/Include/OSX/x86/Lib\"",
					"$(PROJECT_DIR)/MACOSX/PVR/OSX/x86/Lib",
				);
				MACOSX_DEPLOYMENT_TARGET = 10.6;
				PRODUCT_BUNDLE_IDENTIFIER = com.njligames.yappybirds.MACOSX;
				PRODUCT_NAME = "$(TARGET_NAME)";
				SDKROOT = macosx;
			};
			name = Release;
		};
		C18F97031C6901010061DECD /* Debug */ = {
			isa = XCBuildConfiguration;
			buildSettings = {
				BUNDLE_LOADER = "$(TEST_HOST)";
				CODE_SIGN_IDENTITY = "-";
				COMBINE_HIDPI_IMAGES = YES;
				DEBUG_INFORMATION_FORMAT = dwarf;
				INFOPLIST_FILE = MACOSXTests/Info.plist;
				LD_RUNPATH_SEARCH_PATHS = "$(inherited) @executable_path/../Frameworks @loader_path/../Frameworks";
				MACOSX_DEPLOYMENT_TARGET = 10.11;
				PRODUCT_BUNDLE_IDENTIFIER = com.njligames.yappybirds.MACOSXTests;
				PRODUCT_NAME = "$(TARGET_NAME)";
				SDKROOT = macosx;
				TEST_HOST = "$(BUILT_PRODUCTS_DIR)/MACOSX.app/Contents/MacOS/MACOSX";
			};
			name = Debug;
		};
		C18F97041C6901010061DECD /* Release */ = {
			isa = XCBuildConfiguration;
			buildSettings = {
				BUNDLE_LOADER = "$(TEST_HOST)";
				CODE_SIGN_IDENTITY = "-";
				COMBINE_HIDPI_IMAGES = YES;
				INFOPLIST_FILE = MACOSXTests/Info.plist;
				LD_RUNPATH_SEARCH_PATHS = "$(inherited) @executable_path/../Frameworks @loader_path/../Frameworks";
				MACOSX_DEPLOYMENT_TARGET = 10.11;
				PRODUCT_BUNDLE_IDENTIFIER = com.njligames.yappybirds.MACOSXTests;
				PRODUCT_NAME = "$(TARGET_NAME)";
				SDKROOT = macosx;
				TEST_HOST = "$(BUILT_PRODUCTS_DIR)/MACOSX.app/Contents/MacOS/MACOSX";
			};
			name = Release;
		};
		C18F97061C6901010061DECD /* Debug */ = {
			isa = XCBuildConfiguration;
			buildSettings = {
				CODE_SIGN_IDENTITY = "-";
				COMBINE_HIDPI_IMAGES = YES;
				DEBUG_INFORMATION_FORMAT = dwarf;
				INFOPLIST_FILE = MACOSXUITests/Info.plist;
				LD_RUNPATH_SEARCH_PATHS = "$(inherited) @executable_path/../Frameworks @loader_path/../Frameworks";
				MACOSX_DEPLOYMENT_TARGET = 10.11;
				PRODUCT_BUNDLE_IDENTIFIER = com.njligames.yappybirds.MACOSXUITests;
				PRODUCT_NAME = "$(TARGET_NAME)";
				SDKROOT = macosx;
				TEST_TARGET_NAME = MACOSX;
				USES_XCTRUNNER = YES;
			};
			name = Debug;
		};
		C18F97071C6901010061DECD /* Release */ = {
			isa = XCBuildConfiguration;
			buildSettings = {
				CODE_SIGN_IDENTITY = "-";
				COMBINE_HIDPI_IMAGES = YES;
				INFOPLIST_FILE = MACOSXUITests/Info.plist;
				LD_RUNPATH_SEARCH_PATHS = "$(inherited) @executable_path/../Frameworks @loader_path/../Frameworks";
				MACOSX_DEPLOYMENT_TARGET = 10.11;
				PRODUCT_BUNDLE_IDENTIFIER = com.njligames.yappybirds.MACOSXUITests;
				PRODUCT_NAME = "$(TARGET_NAME)";
				SDKROOT = macosx;
				TEST_TARGET_NAME = MACOSX;
				USES_XCTRUNNER = YES;
			};
			name = Release;
		};
/* End XCBuildConfiguration section */

/* Begin XCConfigurationList section */
		C13E38A01C6DAEC000BFF147 /* Build configuration list for PBXNativeTarget "Export Assets" */ = {
			isa = XCConfigurationList;
			buildConfigurations = (
				C13E38A11C6DAEC000BFF147 /* Debug */,
				C13E38A21C6DAEC000BFF147 /* Release */,
			);
			defaultConfigurationIsVisible = 0;
			defaultConfigurationName = Release;
		};
		C16A29D51C683E7C00D94D4B /* Build configuration list for PBXProject "YappyBirds" */ = {
			isa = XCConfigurationList;
			buildConfigurations = (
				C16A2A091C683E7C00D94D4B /* Debug */,
				C16A2A0A1C683E7C00D94D4B /* Release */,
			);
			defaultConfigurationIsVisible = 0;
			defaultConfigurationName = Release;
		};
		C16A2A0B1C683E7C00D94D4B /* Build configuration list for PBXNativeTarget "YappyBirds" */ = {
			isa = XCConfigurationList;
			buildConfigurations = (
				C16A2A0C1C683E7C00D94D4B /* Debug */,
				C16A2A0D1C683E7C00D94D4B /* Release */,
			);
			defaultConfigurationIsVisible = 0;
			defaultConfigurationName = Release;
		};
		C16A2A0E1C683E7C00D94D4B /* Build configuration list for PBXNativeTarget "YappyBirdsTests" */ = {
			isa = XCConfigurationList;
			buildConfigurations = (
				C16A2A0F1C683E7C00D94D4B /* Debug */,
				C16A2A101C683E7C00D94D4B /* Release */,
			);
			defaultConfigurationIsVisible = 0;
			defaultConfigurationName = Release;
		};
		C16A2A111C683E7C00D94D4B /* Build configuration list for PBXNativeTarget "YappyBirdsUITests" */ = {
			isa = XCConfigurationList;
			buildConfigurations = (
				C16A2A121C683E7C00D94D4B /* Debug */,
				C16A2A131C683E7C00D94D4B /* Release */,
			);
			defaultConfigurationIsVisible = 0;
			defaultConfigurationName = Release;
		};
		C18F96FF1C6901010061DECD /* Build configuration list for PBXNativeTarget "MACOSX" */ = {
			isa = XCConfigurationList;
			buildConfigurations = (
				C18F97001C6901010061DECD /* Debug */,
				C18F97011C6901010061DECD /* Release */,
			);
			defaultConfigurationIsVisible = 0;
			defaultConfigurationName = Release;
		};
		C18F97021C6901010061DECD /* Build configuration list for PBXNativeTarget "MACOSXTests" */ = {
			isa = XCConfigurationList;
			buildConfigurations = (
				C18F97031C6901010061DECD /* Debug */,
				C18F97041C6901010061DECD /* Release */,
			);
			defaultConfigurationIsVisible = 0;
			defaultConfigurationName = Release;
		};
		C18F97051C6901010061DECD /* Build configuration list for PBXNativeTarget "MACOSXUITests" */ = {
			isa = XCConfigurationList;
			buildConfigurations = (
				C18F97061C6901010061DECD /* Debug */,
				C18F97071C6901010061DECD /* Release */,
			);
			defaultConfigurationIsVisible = 0;
			defaultConfigurationName = Release;
		};
/* End XCConfigurationList section */
	};
	rootObject = C16A29D21C683E7C00D94D4B /* Project object */;
}
